
Microsoft Visual Studio Solution File, Format Version 12.00
# Visual Studio Version 17
VisualStudioVersion = 17.0.32014.148
MinimumVisualStudioVersion = 10.0.40219.1
Project("{9A19103F-16F7-4668-BE54-9A1E7A4F7556}") = "Lybrary", "Lybrary\Lybrary.csproj", "{5F81D4A2-D451-4146-AE9B-8B283C2D5723}"
EndProject
Project("{FAE04EC0-301F-11D3-BF4B-00C04F79EFBC}") = "lybrarbyModels", "lybrarbyModels\lybrarbyModels.csproj", "{396A3EDF-2483-4122-A21C-EA7CAFC972C8}"
EndProject
Global
	GlobalSection(SolutionConfigurationPlatforms) = preSolution
		Debug|Any CPU = Debug|Any CPU
		Release|Any CPU = Release|Any CPU
	EndGlobalSection
	GlobalSection(ProjectConfigurationPlatforms) = postSolution
		{5F81D4A2-D451-4146-AE9B-8B283C2D5723}.Debug|Any CPU.ActiveCfg = Debug|Any CPU
		{5F81D4A2-D451-4146-AE9B-8B283C2D5723}.Debug|Any CPU.Build.0 = Debug|Any CPU
		{5F81D4A2-D451-4146-AE9B-8B283C2D5723}.Release|Any CPU.ActiveCfg = Release|Any CPU
		{5F81D4A2-D451-4146-AE9B-8B283C2D5723}.Release|Any CPU.Build.0 = Release|Any CPU
		{396A3EDF-2483-4122-A21C-EA7CAFC972C8}.Debug|Any CPU.ActiveCfg = Debug|Any CPU
		{396A3EDF-2483-4122-A21C-EA7CAFC972C8}.Debug|Any CPU.Build.0 = Debug|Any CPU
		{396A3EDF-2483-4122-A21C-EA7CAFC972C8}.Release|Any CPU.ActiveCfg = Release|Any CPU
		{396A3EDF-2483-4122-A21C-EA7CAFC972C8}.Release|Any CPU.Build.0 = Release|Any CPU
	EndGlobalSection
	GlobalSection(SolutionProperties) = preSolution
		HideSolutionNode = FALSE
	EndGlobalSection
	GlobalSection(ExtensibilityGlobals) = postSolution
		SolutionGuid = {A60D7F23-FFEF-41C5-8DF3-0C2C3A273201}
	EndGlobalSection
EndGlobal
